
Microsoft Visual Studio Solution File, Format Version 12.00
# Visual Studio Version 16
VisualStudioVersion = 25.0.1706.8
MinimumVisualStudioVersion = 10.0.40219.1
Project("{FAE04EC0-301F-11D3-BF4B-00C04F79EFBC}") = "MiniShop.API", "MiniShop.API\MiniShop.API.csproj", "{932BBE69-8E54-4255-B00A-0176E426B4ED}"
EndProject
Project("{FAE04EC0-301F-11D3-BF4B-00C04F79EFBC}") = "MiniShop.Entity", "MiniShop.Entity\MiniShop.Entity.csproj", "{2375B1B6-C0CD-465F-A8C2-4D557A60495F}"
EndProject
Project("{FAE04EC0-301F-11D3-BF4B-00C04F79EFBC}") = "MiniShop.Data", "MiniShop.Data\MiniShop.Data.csproj", "{27989AF6-B524-40CD-90AC-98873523272F}"
EndProject
Project("{FAE04EC0-301F-11D3-BF4B-00C04F79EFBC}") = "MiniShop.Business", "MiniShop.Business\MiniShop.Business.csproj", "{8C0E0A83-7699-4142-BF5D-99FE923F0F2D}"
EndProject
Project("{FAE04EC0-301F-11D3-BF4B-00C04F79EFBC}") = "MiniShop.Shared", "MiniShop.Shared\MiniShop.Shared.csproj", "{BC444D2B-086C-4897-8970-9A0207830C6E}"
EndProject
Global
	GlobalSection(SolutionConfigurationPlatforms) = preSolution
		Debug|Any CPU = Debug|Any CPU
		Release|Any CPU = Release|Any CPU
	EndGlobalSection
	GlobalSection(ProjectConfigurationPlatforms) = postSolution
		{932BBE69-8E54-4255-B00A-0176E426B4ED}.Debug|Any CPU.ActiveCfg = Debug|Any CPU
		{932BBE69-8E54-4255-B00A-0176E426B4ED}.Debug|Any CPU.Build.0 = Debug|Any CPU
		{932BBE69-8E54-4255-B00A-0176E426B4ED}.Release|Any CPU.ActiveCfg = Release|Any CPU
		{932BBE69-8E54-4255-B00A-0176E426B4ED}.Release|Any CPU.Build.0 = Release|Any CPU
		{2375B1B6-C0CD-465F-A8C2-4D557A60495F}.Debug|Any CPU.ActiveCfg = Debug|Any CPU
		{2375B1B6-C0CD-465F-A8C2-4D557A60495F}.Debug|Any CPU.Build.0 = Debug|Any CPU
		{2375B1B6-C0CD-465F-A8C2-4D557A60495F}.Release|Any CPU.ActiveCfg = Release|Any CPU
		{2375B1B6-C0CD-465F-A8C2-4D557A60495F}.Release|Any CPU.Build.0 = Release|Any CPU
		{27989AF6-B524-40CD-90AC-98873523272F}.Debug|Any CPU.ActiveCfg = Debug|Any CPU
		{27989AF6-B524-40CD-90AC-98873523272F}.Debug|Any CPU.Build.0 = Debug|Any CPU
		{27989AF6-B524-40CD-90AC-98873523272F}.Release|Any CPU.ActiveCfg = Release|Any CPU
		{27989AF6-B524-40CD-90AC-98873523272F}.Release|Any CPU.Build.0 = Release|Any CPU
		{8C0E0A83-7699-4142-BF5D-99FE923F0F2D}.Debug|Any CPU.ActiveCfg = Debug|Any CPU
		{8C0E0A83-7699-4142-BF5D-99FE923F0F2D}.Debug|Any CPU.Build.0 = Debug|Any CPU
		{8C0E0A83-7699-4142-BF5D-99FE923F0F2D}.Release|Any CPU.ActiveCfg = Release|Any CPU
		{8C0E0A83-7699-4142-BF5D-99FE923F0F2D}.Release|Any CPU.Build.0 = Release|Any CPU
		{BC444D2B-086C-4897-8970-9A0207830C6E}.Debug|Any CPU.ActiveCfg = Debug|Any CPU
		{BC444D2B-086C-4897-8970-9A0207830C6E}.Debug|Any CPU.Build.0 = Debug|Any CPU
		{BC444D2B-086C-4897-8970-9A0207830C6E}.Release|Any CPU.ActiveCfg = Release|Any CPU
		{BC444D2B-086C-4897-8970-9A0207830C6E}.Release|Any CPU.Build.0 = Release|Any CPU
	EndGlobalSection
	GlobalSection(SolutionProperties) = preSolution
		HideSolutionNode = FALSE
	EndGlobalSection
	GlobalSection(ExtensibilityGlobals) = postSolution
		SolutionGuid = {07239DB1-21AD-4448-A811-B6FFB0AD83F7}
	EndGlobalSection
EndGlobal
