
Microsoft Visual Studio Solution File, Format Version 12.00
# Visual Studio Version 16
VisualStudioVersion = 25.0.1706.7
MinimumVisualStudioVersion = 10.0.40219.1
Project("{FAE04EC0-301F-11D3-BF4B-00C04F79EFBC}") = "P04-Inheritance", "P04-Inheritance.csproj", "{89223A9F-55DA-4969-88BF-438B511ECFE8}"
EndProject
Global
	GlobalSection(SolutionConfigurationPlatforms) = preSolution
		Debug|Any CPU = Debug|Any CPU
		Release|Any CPU = Release|Any CPU
	EndGlobalSection
	GlobalSection(ProjectConfigurationPlatforms) = postSolution
		{89223A9F-55DA-4969-88BF-438B511ECFE8}.Debug|Any CPU.ActiveCfg = Debug|Any CPU
		{89223A9F-55DA-4969-88BF-438B511ECFE8}.Debug|Any CPU.Build.0 = Debug|Any CPU
		{89223A9F-55DA-4969-88BF-438B511ECFE8}.Release|Any CPU.ActiveCfg = Release|Any CPU
		{89223A9F-55DA-4969-88BF-438B511ECFE8}.Release|Any CPU.Build.0 = Release|Any CPU
	EndGlobalSection
	GlobalSection(SolutionProperties) = preSolution
		HideSolutionNode = FALSE
	EndGlobalSection
	GlobalSection(ExtensibilityGlobals) = postSolution
		SolutionGuid = {A3716117-D4AB-4DA4-A190-33A49B6DE8DD}
	EndGlobalSection
EndGlobal
