
Microsoft Visual Studio Solution File, Format Version 12.00
# Visual Studio Version 17
VisualStudioVersion = 17.8.34330.188
MinimumVisualStudioVersion = 10.0.40219.1
Project("{FAE04EC0-301F-11D3-BF4B-00C04F79EFBC}") = "MiniShop.Mvc", "MiniShop.Mvc\MiniShop.Mvc.csproj", "{5507BB95-820C-4D74-9688-6CCC8EDE6661}"
EndProject
Project("{FAE04EC0-301F-11D3-BF4B-00C04F79EFBC}") = "MiniShop.Business", "MiniShop.Business\MiniShop.Business.csproj", "{1A2608EF-BB4F-40B5-9C48-7D2FA71B9893}"
EndProject
Project("{FAE04EC0-301F-11D3-BF4B-00C04F79EFBC}") = "MiniShop.Data", "MiniShop.Data\MiniShop.Data.csproj", "{7DC9B99B-0CA0-4DA4-A8FC-BBD1B1912950}"
EndProject
Project("{FAE04EC0-301F-11D3-BF4B-00C04F79EFBC}") = "MiniShop.Entity", "MiniShop.Entity\MiniShop.Entity.csproj", "{51ED473F-EF6A-45FD-B3F7-3284C9362CC2}"
EndProject
Project("{FAE04EC0-301F-11D3-BF4B-00C04F79EFBC}") = "MiniShop.Core", "MiniShop.Core\MiniShop.Core.csproj", "{0C480407-08FD-4F83-9100-34907D272E55}"
EndProject
Global
	GlobalSection(SolutionConfigurationPlatforms) = preSolution
		Debug|Any CPU = Debug|Any CPU
		Release|Any CPU = Release|Any CPU
	EndGlobalSection
	GlobalSection(ProjectConfigurationPlatforms) = postSolution
		{5507BB95-820C-4D74-9688-6CCC8EDE6661}.Debug|Any CPU.ActiveCfg = Debug|Any CPU
		{5507BB95-820C-4D74-9688-6CCC8EDE6661}.Debug|Any CPU.Build.0 = Debug|Any CPU
		{5507BB95-820C-4D74-9688-6CCC8EDE6661}.Release|Any CPU.ActiveCfg = Release|Any CPU
		{5507BB95-820C-4D74-9688-6CCC8EDE6661}.Release|Any CPU.Build.0 = Release|Any CPU
		{1A2608EF-BB4F-40B5-9C48-7D2FA71B9893}.Debug|Any CPU.ActiveCfg = Debug|Any CPU
		{1A2608EF-BB4F-40B5-9C48-7D2FA71B9893}.Debug|Any CPU.Build.0 = Debug|Any CPU
		{1A2608EF-BB4F-40B5-9C48-7D2FA71B9893}.Release|Any CPU.ActiveCfg = Release|Any CPU
		{1A2608EF-BB4F-40B5-9C48-7D2FA71B9893}.Release|Any CPU.Build.0 = Release|Any CPU
		{7DC9B99B-0CA0-4DA4-A8FC-BBD1B1912950}.Debug|Any CPU.ActiveCfg = Debug|Any CPU
		{7DC9B99B-0CA0-4DA4-A8FC-BBD1B1912950}.Debug|Any CPU.Build.0 = Debug|Any CPU
		{7DC9B99B-0CA0-4DA4-A8FC-BBD1B1912950}.Release|Any CPU.ActiveCfg = Release|Any CPU
		{7DC9B99B-0CA0-4DA4-A8FC-BBD1B1912950}.Release|Any CPU.Build.0 = Release|Any CPU
		{51ED473F-EF6A-45FD-B3F7-3284C9362CC2}.Debug|Any CPU.ActiveCfg = Debug|Any CPU
		{51ED473F-EF6A-45FD-B3F7-3284C9362CC2}.Debug|Any CPU.Build.0 = Debug|Any CPU
		{51ED473F-EF6A-45FD-B3F7-3284C9362CC2}.Release|Any CPU.ActiveCfg = Release|Any CPU
		{51ED473F-EF6A-45FD-B3F7-3284C9362CC2}.Release|Any CPU.Build.0 = Release|Any CPU
		{0C480407-08FD-4F83-9100-34907D272E55}.Debug|Any CPU.ActiveCfg = Debug|Any CPU
		{0C480407-08FD-4F83-9100-34907D272E55}.Debug|Any CPU.Build.0 = Debug|Any CPU
		{0C480407-08FD-4F83-9100-34907D272E55}.Release|Any CPU.ActiveCfg = Release|Any CPU
		{0C480407-08FD-4F83-9100-34907D272E55}.Release|Any CPU.Build.0 = Release|Any CPU
	EndGlobalSection
	GlobalSection(SolutionProperties) = preSolution
		HideSolutionNode = FALSE
	EndGlobalSection
	GlobalSection(ExtensibilityGlobals) = postSolution
		SolutionGuid = {6FC52906-DD49-4CB4-9CDD-A3A4CACA87E8}
	EndGlobalSection
EndGlobal
