
Microsoft Visual Studio Solution File, Format Version 12.00
# Visual Studio Version 16
VisualStudioVersion = 25.0.1706.8
MinimumVisualStudioVersion = 10.0.40219.1
Project("{FAE04EC0-301F-11D3-BF4B-00C04F79EFBC}") = "MVCFileUploadApp", "MVCFileUploadApp.csproj", "{F768ACC5-B3C6-48D3-A811-A879C156B4D3}"
EndProject
Global
	GlobalSection(SolutionConfigurationPlatforms) = preSolution
		Debug|Any CPU = Debug|Any CPU
		Release|Any CPU = Release|Any CPU
	EndGlobalSection
	GlobalSection(ProjectConfigurationPlatforms) = postSolution
		{F768ACC5-B3C6-48D3-A811-A879C156B4D3}.Debug|Any CPU.ActiveCfg = Debug|Any CPU
		{F768ACC5-B3C6-48D3-A811-A879C156B4D3}.Debug|Any CPU.Build.0 = Debug|Any CPU
		{F768ACC5-B3C6-48D3-A811-A879C156B4D3}.Release|Any CPU.ActiveCfg = Release|Any CPU
		{F768ACC5-B3C6-48D3-A811-A879C156B4D3}.Release|Any CPU.Build.0 = Release|Any CPU
	EndGlobalSection
	GlobalSection(SolutionProperties) = preSolution
		HideSolutionNode = FALSE
	EndGlobalSection
	GlobalSection(ExtensibilityGlobals) = postSolution
		SolutionGuid = {036E0007-103E-4A36-8FEE-6E1A56A6770A}
	EndGlobalSection
EndGlobal
