
Microsoft Visual Studio Solution File, Format Version 12.00
# Visual Studio Version 16
VisualStudioVersion = 25.0.1706.7
MinimumVisualStudioVersion = 10.0.40219.1
Project("{FAE04EC0-301F-11D3-BF4B-00C04F79EFBC}") = "P06-Static", "P06-Static.csproj", "{97A6D198-0826-4E0A-9D4D-FA68E4343ECA}"
EndProject
Global
	GlobalSection(SolutionConfigurationPlatforms) = preSolution
		Debug|Any CPU = Debug|Any CPU
		Release|Any CPU = Release|Any CPU
	EndGlobalSection
	GlobalSection(ProjectConfigurationPlatforms) = postSolution
		{97A6D198-0826-4E0A-9D4D-FA68E4343ECA}.Debug|Any CPU.ActiveCfg = Debug|Any CPU
		{97A6D198-0826-4E0A-9D4D-FA68E4343ECA}.Debug|Any CPU.Build.0 = Debug|Any CPU
		{97A6D198-0826-4E0A-9D4D-FA68E4343ECA}.Release|Any CPU.ActiveCfg = Release|Any CPU
		{97A6D198-0826-4E0A-9D4D-FA68E4343ECA}.Release|Any CPU.Build.0 = Release|Any CPU
	EndGlobalSection
	GlobalSection(SolutionProperties) = preSolution
		HideSolutionNode = FALSE
	EndGlobalSection
	GlobalSection(ExtensibilityGlobals) = postSolution
		SolutionGuid = {B6C3752D-4C3A-4283-BC81-FC3F1F572AA7}
	EndGlobalSection
EndGlobal
