
Microsoft Visual Studio Solution File, Format Version 12.00
# Visual Studio Version 16
VisualStudioVersion = 25.0.1706.8
MinimumVisualStudioVersion = 10.0.40219.1
Project("{FAE04EC0-301F-11D3-BF4B-00C04F79EFBC}") = "MiniShop.API", "MiniShop.API\MiniShop.API.csproj", "{932BBE69-8E54-4255-B00A-0176E426B4ED}"
EndProject
Global
	GlobalSection(SolutionConfigurationPlatforms) = preSolution
		Debug|Any CPU = Debug|Any CPU
		Release|Any CPU = Release|Any CPU
	EndGlobalSection
	GlobalSection(ProjectConfigurationPlatforms) = postSolution
		{932BBE69-8E54-4255-B00A-0176E426B4ED}.Debug|Any CPU.ActiveCfg = Debug|Any CPU
		{932BBE69-8E54-4255-B00A-0176E426B4ED}.Debug|Any CPU.Build.0 = Debug|Any CPU
		{932BBE69-8E54-4255-B00A-0176E426B4ED}.Release|Any CPU.ActiveCfg = Release|Any CPU
		{932BBE69-8E54-4255-B00A-0176E426B4ED}.Release|Any CPU.Build.0 = Release|Any CPU
	EndGlobalSection
	GlobalSection(SolutionProperties) = preSolution
		HideSolutionNode = FALSE
	EndGlobalSection
	GlobalSection(ExtensibilityGlobals) = postSolution
		SolutionGuid = {07239DB1-21AD-4448-A811-B6FFB0AD83F7}
	EndGlobalSection
EndGlobal
