
Microsoft Visual Studio Solution File, Format Version 12.00
# Visual Studio Version 16
VisualStudioVersion = 25.0.1706.7
MinimumVisualStudioVersion = 10.0.40219.1
Project("{FAE04EC0-301F-11D3-BF4B-00C04F79EFBC}") = "P01-OOP-Intro", "P01-OOP-Intro.csproj", "{4E6BEED3-6D11-434A-BBC9-6E651777F755}"
EndProject
Global
	GlobalSection(SolutionConfigurationPlatforms) = preSolution
		Debug|Any CPU = Debug|Any CPU
		Release|Any CPU = Release|Any CPU
	EndGlobalSection
	GlobalSection(ProjectConfigurationPlatforms) = postSolution
		{4E6BEED3-6D11-434A-BBC9-6E651777F755}.Debug|Any CPU.ActiveCfg = Debug|Any CPU
		{4E6BEED3-6D11-434A-BBC9-6E651777F755}.Debug|Any CPU.Build.0 = Debug|Any CPU
		{4E6BEED3-6D11-434A-BBC9-6E651777F755}.Release|Any CPU.ActiveCfg = Release|Any CPU
		{4E6BEED3-6D11-434A-BBC9-6E651777F755}.Release|Any CPU.Build.0 = Release|Any CPU
	EndGlobalSection
	GlobalSection(SolutionProperties) = preSolution
		HideSolutionNode = FALSE
	EndGlobalSection
	GlobalSection(ExtensibilityGlobals) = postSolution
		SolutionGuid = {5C51C5A1-1B90-4379-B105-5C1A6A1F8D68}
	EndGlobalSection
EndGlobal
