
Microsoft Visual Studio Solution File, Format Version 12.00
# Visual Studio Version 17
VisualStudioVersion = 17.5.002.0
MinimumVisualStudioVersion = 10.0.40219.1
Project("{9A19103F-16F7-4668-BE54-9A1E7A4F7556}") = "Proje06_MvcWithSql", "Proje06_MvcWithSql.csproj", "{0B9FF667-6F3D-4F76-9252-C341E12C483C}"
EndProject
Global
	GlobalSection(SolutionConfigurationPlatforms) = preSolution
		Debug|Any CPU = Debug|Any CPU
		Release|Any CPU = Release|Any CPU
	EndGlobalSection
	GlobalSection(ProjectConfigurationPlatforms) = postSolution
		{0B9FF667-6F3D-4F76-9252-C341E12C483C}.Debug|Any CPU.ActiveCfg = Debug|Any CPU
		{0B9FF667-6F3D-4F76-9252-C341E12C483C}.Debug|Any CPU.Build.0 = Debug|Any CPU
		{0B9FF667-6F3D-4F76-9252-C341E12C483C}.Release|Any CPU.ActiveCfg = Release|Any CPU
		{0B9FF667-6F3D-4F76-9252-C341E12C483C}.Release|Any CPU.Build.0 = Release|Any CPU
	EndGlobalSection
	GlobalSection(SolutionProperties) = preSolution
		HideSolutionNode = FALSE
	EndGlobalSection
	GlobalSection(ExtensibilityGlobals) = postSolution
		SolutionGuid = {2E8688E7-DE0B-4ECF-A6ED-00A9FA1D2C41}
	EndGlobalSection
EndGlobal
