
Microsoft Visual Studio Solution File, Format Version 12.00
# Visual Studio Version 16
VisualStudioVersion = 25.0.1706.7
MinimumVisualStudioVersion = 10.0.40219.1
Project("{FAE04EC0-301F-11D3-BF4B-00C04F79EFBC}") = "P13-Mothods", "P13-Mothods.csproj", "{BE8798A6-460C-4300-84EE-77530F358AAF}"
EndProject
Global
	GlobalSection(SolutionConfigurationPlatforms) = preSolution
		Debug|Any CPU = Debug|Any CPU
		Release|Any CPU = Release|Any CPU
	EndGlobalSection
	GlobalSection(ProjectConfigurationPlatforms) = postSolution
		{BE8798A6-460C-4300-84EE-77530F358AAF}.Debug|Any CPU.ActiveCfg = Debug|Any CPU
		{BE8798A6-460C-4300-84EE-77530F358AAF}.Debug|Any CPU.Build.0 = Debug|Any CPU
		{BE8798A6-460C-4300-84EE-77530F358AAF}.Release|Any CPU.ActiveCfg = Release|Any CPU
		{BE8798A6-460C-4300-84EE-77530F358AAF}.Release|Any CPU.Build.0 = Release|Any CPU
	EndGlobalSection
	GlobalSection(SolutionProperties) = preSolution
		HideSolutionNode = FALSE
	EndGlobalSection
	GlobalSection(ExtensibilityGlobals) = postSolution
		SolutionGuid = {65019ABC-4F97-4F48-95A1-12D91E38950F}
	EndGlobalSection
EndGlobal
