
Microsoft Visual Studio Solution File, Format Version 12.00
# Visual Studio Version 16
VisualStudioVersion = 25.0.1706.7
MinimumVisualStudioVersion = 10.0.40219.1
Project("{FAE04EC0-301F-11D3-BF4B-00C04F79EFBC}") = "P12-Arrays", "P12-Arrays.csproj", "{C533A387-A591-4E63-9503-5463B73C4533}"
EndProject
Global
	GlobalSection(SolutionConfigurationPlatforms) = preSolution
		Debug|Any CPU = Debug|Any CPU
		Release|Any CPU = Release|Any CPU
	EndGlobalSection
	GlobalSection(ProjectConfigurationPlatforms) = postSolution
		{C533A387-A591-4E63-9503-5463B73C4533}.Debug|Any CPU.ActiveCfg = Debug|Any CPU
		{C533A387-A591-4E63-9503-5463B73C4533}.Debug|Any CPU.Build.0 = Debug|Any CPU
		{C533A387-A591-4E63-9503-5463B73C4533}.Release|Any CPU.ActiveCfg = Release|Any CPU
		{C533A387-A591-4E63-9503-5463B73C4533}.Release|Any CPU.Build.0 = Release|Any CPU
	EndGlobalSection
	GlobalSection(SolutionProperties) = preSolution
		HideSolutionNode = FALSE
	EndGlobalSection
	GlobalSection(ExtensibilityGlobals) = postSolution
		SolutionGuid = {23F863A3-B6F6-4CDE-B98A-82CC24789C5F}
	EndGlobalSection
EndGlobal
